
Microsoft Visual Studio Solution File, Format Version 12.00
# Visual Studio Version 17
VisualStudioVersion = 17.3.32901.215
MinimumVisualStudioVersion = 10.0.40219.1
Project("{FAE04EC0-301F-11D3-BF4B-00C04F79EFBC}") = "DecoratorExample1", "DecoratorExample1\DecoratorExample1.csproj", "{AA40BF05-9478-48E0-A129-706CF56563FE}"
EndProject
Global
	GlobalSection(SolutionConfigurationPlatforms) = preSolution
		Debug|Any CPU = Debug|Any CPU
		Release|Any CPU = Release|Any CPU
	EndGlobalSection
	GlobalSection(ProjectConfigurationPlatforms) = postSolution
		{AA40BF05-9478-48E0-A129-706CF56563FE}.Debug|Any CPU.ActiveCfg = Debug|Any CPU
		{AA40BF05-9478-48E0-A129-706CF56563FE}.Debug|Any CPU.Build.0 = Debug|Any CPU
		{AA40BF05-9478-48E0-A129-706CF56563FE}.Release|Any CPU.ActiveCfg = Release|Any CPU
		{AA40BF05-9478-48E0-A129-706CF56563FE}.Release|Any CPU.Build.0 = Release|Any CPU
	EndGlobalSection
	GlobalSection(SolutionProperties) = preSolution
		HideSolutionNode = FALSE
	EndGlobalSection
	GlobalSection(ExtensibilityGlobals) = postSolution
		SolutionGuid = {E12ACC0D-F8B8-4AE7-AE3B-664038EC4DD2}
	EndGlobalSection
EndGlobal
